{
  "version": 4,
  "terraform_version": "1.3.4",
  "serial": 71,
  "lineage": "a4406d58-c658-bf04-65b8-bd4410a7b1e3",
  "outputs": {},
  "resources": [
    {
      "mode": "managed",
      "type": "google_compute_autoscaler",
      "name": "autoscaler-mig-1",
      "provider": "provider[\"registry.terraform.io/hashicorp/google\"]",
      "instances": [
        {
          "schema_version": 0,
          "attributes": {
            "autoscaling_policy": [
              {
                "cooldown_period": 60,
                "cpu_utilization": [
                  {
                    "predictive_method": "NONE",
                    "target": 0.75
                  }
                ],
                "load_balancing_utilization": [],
                "max_replicas": 5,
                "metric": [],
                "min_replicas": 1,
                "mode": "ON",
                "scale_in_control": [],
                "scaling_schedules": []
              }
            ],
            "creation_timestamp": "2022-11-17T01:33:14.715-08:00",
            "description": "",
            "id": "projects/gcpsubhrajyoti-test-project/zones/us-west1-b/autoscalers/autoscaler-mig-group-1",
            "name": "autoscaler-mig-group-1",
            "project": "gcpsubhrajyoti-test-project",
            "self_link": "https://www.googleapis.com/compute/v1/projects/gcpsubhrajyoti-test-project/zones/us-west1-b/autoscalers/autoscaler-mig-group-1",
            "target": "https://www.googleapis.com/compute/v1/projects/gcpsubhrajyoti-test-project/zones/us-west1-b/instanceGroupManagers/mig-group-1",
            "timeouts": null,
            "zone": "https://www.googleapis.com/compute/v1/projects/gcpsubhrajyoti-test-project/zones/us-west1-b"
          },
          "sensitive_attributes": [],
          "private": "eyJlMmJmYjczMC1lY2FhLTExZTYtOGY4OC0zNDM2M2JjN2M0YzAiOnsiY3JlYXRlIjoxMjAwMDAwMDAwMDAwLCJkZWxldGUiOjEyMDAwMDAwMDAwMDAsInVwZGF0ZSI6MTIwMDAwMDAwMDAwMH19",
          "dependencies": [
            "google_compute_health_check.autohealing",
            "google_compute_instance_group_manager.mig1",
            "google_compute_instance_template.mig-template-1",
            "google_compute_network.vpc-network",
            "google_compute_subnetwork.group1"
          ]
        }
      ]
    },
    {
      "mode": "managed",
      "type": "google_compute_autoscaler",
      "name": "autoscaler-mig-2",
      "provider": "provider[\"registry.terraform.io/hashicorp/google\"]",
      "instances": [
        {
          "schema_version": 0,
          "attributes": {
            "autoscaling_policy": [
              {
                "cooldown_period": 60,
                "cpu_utilization": [
                  {
                    "predictive_method": "NONE",
                    "target": 0.75
                  }
                ],
                "load_balancing_utilization": [],
                "max_replicas": 5,
                "metric": [],
                "min_replicas": 1,
                "mode": "ON",
                "scale_in_control": [],
                "scaling_schedules": []
              }
            ],
            "creation_timestamp": "2022-11-17T01:33:16.237-08:00",
            "description": "",
            "id": "projects/gcpsubhrajyoti-test-project/zones/us-east1-b/autoscalers/autoscaler-mig-group-2",
            "name": "autoscaler-mig-group-2",
            "project": "gcpsubhrajyoti-test-project",
            "self_link": "https://www.googleapis.com/compute/v1/projects/gcpsubhrajyoti-test-project/zones/us-east1-b/autoscalers/autoscaler-mig-group-2",
            "target": "https://www.googleapis.com/compute/v1/projects/gcpsubhrajyoti-test-project/zones/us-east1-b/instanceGroupManagers/mig-group-2",
            "timeouts": null,
            "zone": "https://www.googleapis.com/compute/v1/projects/gcpsubhrajyoti-test-project/zones/us-east1-b"
          },
          "sensitive_attributes": [],
          "private": "eyJlMmJmYjczMC1lY2FhLTExZTYtOGY4OC0zNDM2M2JjN2M0YzAiOnsiY3JlYXRlIjoxMjAwMDAwMDAwMDAwLCJkZWxldGUiOjEyMDAwMDAwMDAwMDAsInVwZGF0ZSI6MTIwMDAwMDAwMDAwMH19",
          "dependencies": [
            "google_compute_health_check.autohealing",
            "google_compute_instance_group_manager.mig2",
            "google_compute_instance_template.mig-template-2",
            "google_compute_network.vpc-network",
            "google_compute_subnetwork.group2"
          ]
        }
      ]
    },
    {
      "mode": "managed",
      "type": "google_compute_backend_service",
      "name": "default",
      "provider": "provider[\"registry.terraform.io/hashicorp/google\"]",
      "instances": [
        {
          "schema_version": 1,
          "attributes": {
            "affinity_cookie_ttl_sec": 0,
            "backend": [
              {
                "balancing_mode": "UTILIZATION",
                "capacity_scaler": 1,
                "description": "",
                "group": "https://www.googleapis.com/compute/v1/projects/gcpsubhrajyoti-test-project/zones/us-east1-b/instanceGroups/mig-group-2",
                "max_connections": 0,
                "max_connections_per_endpoint": 0,
                "max_connections_per_instance": 0,
                "max_rate": 0,
                "max_rate_per_endpoint": 0,
                "max_rate_per_instance": 0,
                "max_utilization": 0
              },
              {
                "balancing_mode": "UTILIZATION",
                "capacity_scaler": 1,
                "description": "",
                "group": "https://www.googleapis.com/compute/v1/projects/gcpsubhrajyoti-test-project/zones/us-west1-b/instanceGroups/mig-group-1",
                "max_connections": 0,
                "max_connections_per_endpoint": 0,
                "max_connections_per_instance": 0,
                "max_rate": 0,
                "max_rate_per_endpoint": 0,
                "max_rate_per_instance": 0,
                "max_utilization": 0
              }
            ],
            "cdn_policy": [
              {
                "cache_key_policy": [],
                "cache_mode": "CACHE_ALL_STATIC",
                "client_ttl": 3600,
                "default_ttl": 3600,
                "max_ttl": 86400,
                "negative_caching": true,
                "negative_caching_policy": [],
                "serve_while_stale": 86400,
                "signed_url_cache_max_age_sec": 0
              }
            ],
            "circuit_breakers": [],
            "compression_mode": "",
            "connection_draining_timeout_sec": 300,
            "consistent_hash": [],
            "creation_timestamp": "2022-11-17T01:33:14.299-08:00",
            "custom_request_headers": [
              "X-Client-Geo-Location: {client_region_subdivision}, {client_city}"
            ],
            "custom_response_headers": [
              "X-Cache-Hit: {cdn_cache_status}"
            ],
            "description": "",
            "enable_cdn": true,
            "fingerprint": "-QN0_lW3eSI=",
            "health_checks": [
              "https://www.googleapis.com/compute/v1/projects/gcpsubhrajyoti-test-project/global/healthChecks/autohealing-health-check"
            ],
            "iap": [],
            "id": "projects/gcpsubhrajyoti-test-project/global/backendServices/multi-mig-lb-http-backend-service",
            "load_balancing_scheme": "EXTERNAL",
            "locality_lb_policy": "",
            "log_config": [],
            "name": "multi-mig-lb-http-backend-service",
            "outlier_detection": [],
            "port_name": "http",
            "project": "gcpsubhrajyoti-test-project",
            "protocol": "HTTP",
            "security_policy": "",
            "security_settings": [],
            "self_link": "https://www.googleapis.com/compute/v1/projects/gcpsubhrajyoti-test-project/global/backendServices/multi-mig-lb-http-backend-service",
            "session_affinity": "NONE",
            "timeout_sec": 10,
            "timeouts": null
          },
          "sensitive_attributes": [],
          "private": "eyJlMmJmYjczMC1lY2FhLTExZTYtOGY4OC0zNDM2M2JjN2M0YzAiOnsiY3JlYXRlIjoxMjAwMDAwMDAwMDAwLCJkZWxldGUiOjEyMDAwMDAwMDAwMDAsInVwZGF0ZSI6MTIwMDAwMDAwMDAwMH0sInNjaGVtYV92ZXJzaW9uIjoiMSJ9",
          "dependencies": [
            "google_compute_health_check.autohealing",
            "google_compute_instance_group_manager.mig1",
            "google_compute_instance_group_manager.mig2"
          ]
        }
      ]
    },
    {
      "mode": "managed",
      "type": "google_compute_firewall",
      "name": "default",
      "provider": "provider[\"registry.terraform.io/hashicorp/google\"]",
      "instances": [
        {
          "schema_version": 1,
          "attributes": {
            "allow": [
              {
                "ports": [],
                "protocol": "tcp"
              }
            ],
            "creation_timestamp": "2022-11-17T01:32:07.388-08:00",
            "deny": [],
            "description": "",
            "destination_ranges": [],
            "direction": "INGRESS",
            "disabled": false,
            "enable_logging": null,
            "id": "projects/gcpsubhrajyoti-test-project/global/firewalls/multi-mig-lb-http-fw-allow-hc",
            "log_config": [],
            "name": "multi-mig-lb-http-fw-allow-hc",
            "network": "https://www.googleapis.com/compute/v1/projects/gcpsubhrajyoti-test-project/global/networks/multi-mig-lb-http",
            "priority": 1000,
            "project": "gcpsubhrajyoti-test-project",
            "self_link": "https://www.googleapis.com/compute/v1/projects/gcpsubhrajyoti-test-project/global/firewalls/multi-mig-lb-http-fw-allow-hc",
            "source_ranges": [
              "10.126.0.0/20",
              "10.127.0.0/20"
            ],
            "source_service_accounts": [],
            "source_tags": [],
            "target_service_accounts": [],
            "target_tags": [
              "allow-health-check"
            ],
            "timeouts": null
          },
          "sensitive_attributes": [],
          "private": "eyJlMmJmYjczMC1lY2FhLTExZTYtOGY4OC0zNDM2M2JjN2M0YzAiOnsiY3JlYXRlIjoxMjAwMDAwMDAwMDAwLCJkZWxldGUiOjEyMDAwMDAwMDAwMDAsInVwZGF0ZSI6MTIwMDAwMDAwMDAwMH0sInNjaGVtYV92ZXJzaW9uIjoiMSJ9",
          "dependencies": [
            "google_compute_network.vpc-network"
          ]
        }
      ]
    },
    {
      "mode": "managed",
      "type": "google_compute_global_address",
      "name": "static-ip",
      "provider": "provider[\"registry.terraform.io/hashicorp/google\"]",
      "instances": [
        {
          "schema_version": 0,
          "attributes": {
            "address": "34.120.163.251",
            "address_type": "EXTERNAL",
            "creation_timestamp": "2022-11-17T01:31:44.591-08:00",
            "description": "",
            "id": "projects/gcpsubhrajyoti-test-project/global/addresses/multi-mig-lb-http-static-ip",
            "ip_version": "",
            "name": "multi-mig-lb-http-static-ip",
            "network": "",
            "prefix_length": 0,
            "project": "gcpsubhrajyoti-test-project",
            "purpose": "",
            "self_link": "https://www.googleapis.com/compute/v1/projects/gcpsubhrajyoti-test-project/global/addresses/multi-mig-lb-http-static-ip",
            "timeouts": null
          },
          "sensitive_attributes": [],
          "private": "eyJlMmJmYjczMC1lY2FhLTExZTYtOGY4OC0zNDM2M2JjN2M0YzAiOnsiY3JlYXRlIjoxMjAwMDAwMDAwMDAwLCJkZWxldGUiOjEyMDAwMDAwMDAwMDB9fQ=="
        }
      ]
    },
    {
      "mode": "managed",
      "type": "google_compute_global_forwarding_rule",
      "name": "default",
      "provider": "provider[\"registry.terraform.io/hashicorp/google\"]",
      "instances": [
        {
          "schema_version": 0,
          "attributes": {
            "description": "",
            "id": "projects/gcpsubhrajyoti-test-project/global/forwardingRules/multi-mig-lb-http-forwarding-rule",
            "ip_address": "projects/gcpsubhrajyoti-test-project/global/addresses/multi-mig-lb-http-static-ip",
            "ip_protocol": "TCP",
            "ip_version": "",
            "label_fingerprint": "42WmSpB8rSM=",
            "labels": {},
            "load_balancing_scheme": "EXTERNAL",
            "metadata_filters": [],
            "name": "multi-mig-lb-http-forwarding-rule",
            "network": "",
            "port_range": "80",
            "project": "gcpsubhrajyoti-test-project",
            "psc_connection_id": "",
            "psc_connection_status": "",
            "self_link": "https://www.googleapis.com/compute/v1/projects/gcpsubhrajyoti-test-project/global/forwardingRules/multi-mig-lb-http-forwarding-rule",
            "target": "projects/gcpsubhrajyoti-test-project/global/targetHttpProxies/multi-mig-lb-http-target-http-proxy",
            "timeouts": null
          },
          "sensitive_attributes": [],
          "private": "eyJlMmJmYjczMC1lY2FhLTExZTYtOGY4OC0zNDM2M2JjN2M0YzAiOnsiY3JlYXRlIjoxMjAwMDAwMDAwMDAwLCJkZWxldGUiOjEyMDAwMDAwMDAwMDAsInVwZGF0ZSI6MTIwMDAwMDAwMDAwMH19",
          "dependencies": [
            "google_compute_backend_service.default",
            "google_compute_global_address.static-ip",
            "google_compute_health_check.autohealing",
            "google_compute_instance_group_manager.mig1",
            "google_compute_instance_group_manager.mig2",
            "google_compute_instance_template.mig-template-1",
            "google_compute_instance_template.mig-template-2",
            "google_compute_network.vpc-network",
            "google_compute_subnetwork.group1",
            "google_compute_subnetwork.group2",
            "google_compute_target_http_proxy.default",
            "google_compute_url_map.default"
          ]
        }
      ]
    },
    {
      "mode": "managed",
      "type": "google_compute_health_check",
      "name": "autohealing",
      "provider": "provider[\"registry.terraform.io/hashicorp/google\"]",
      "instances": [
        {
          "schema_version": 0,
          "attributes": {
            "check_interval_sec": 5,
            "creation_timestamp": "2022-11-17T01:31:44.671-08:00",
            "description": "",
            "grpc_health_check": [],
            "healthy_threshold": 2,
            "http2_health_check": [],
            "http_health_check": [
              {
                "host": "",
                "port": 8080,
                "port_name": "",
                "port_specification": "",
                "proxy_header": "NONE",
                "request_path": "/",
                "response": ""
              }
            ],
            "https_health_check": [],
            "id": "projects/gcpsubhrajyoti-test-project/global/healthChecks/autohealing-health-check",
            "log_config": [
              {
                "enable": false
              }
            ],
            "name": "autohealing-health-check",
            "project": "gcpsubhrajyoti-test-project",
            "self_link": "https://www.googleapis.com/compute/v1/projects/gcpsubhrajyoti-test-project/global/healthChecks/autohealing-health-check",
            "ssl_health_check": [],
            "tcp_health_check": [],
            "timeout_sec": 5,
            "timeouts": null,
            "type": "HTTP",
            "unhealthy_threshold": 10
          },
          "sensitive_attributes": [],
          "private": "eyJlMmJmYjczMC1lY2FhLTExZTYtOGY4OC0zNDM2M2JjN2M0YzAiOnsiY3JlYXRlIjoxMjAwMDAwMDAwMDAwLCJkZWxldGUiOjEyMDAwMDAwMDAwMDAsInVwZGF0ZSI6MTIwMDAwMDAwMDAwMH19"
        }
      ]
    },
    {
      "mode": "managed",
      "type": "google_compute_instance_group_manager",
      "name": "mig1",
      "provider": "provider[\"registry.terraform.io/hashicorp/google\"]",
      "instances": [
        {
          "schema_version": 0,
          "attributes": {
            "auto_healing_policies": [
              {
                "health_check": "https://www.googleapis.com/compute/v1/projects/gcpsubhrajyoti-test-project/global/healthChecks/autohealing-health-check",
                "initial_delay_sec": 300
              }
            ],
            "base_instance_name": "mig-group-1",
            "description": "",
            "fingerprint": "fyePFkMDcWE=",
            "id": "projects/gcpsubhrajyoti-test-project/zones/us-west1-b/instanceGroupManagers/mig-group-1",
            "instance_group": "https://www.googleapis.com/compute/v1/projects/gcpsubhrajyoti-test-project/zones/us-west1-b/instanceGroups/mig-group-1",
            "name": "mig-group-1",
            "named_port": [
              {
                "name": "custom",
                "port": 8888
              }
            ],
            "operation": null,
            "project": "gcpsubhrajyoti-test-project",
            "self_link": "https://www.googleapis.com/compute/v1/projects/gcpsubhrajyoti-test-project/zones/us-west1-b/instanceGroupManagers/mig-group-1",
            "stateful_disk": [],
            "status": [
              {
                "is_stable": false,
                "stateful": [
                  {
                    "has_stateful_config": false,
                    "per_instance_configs": [
                      {
                        "all_effective": true
                      }
                    ]
                  }
                ],
                "version_target": [
                  {
                    "is_reached": true
                  }
                ]
              }
            ],
            "target_pools": [],
            "target_size": 1,
            "timeouts": null,
            "update_policy": [
              {
                "max_surge_fixed": 1,
                "max_surge_percent": 0,
                "max_unavailable_fixed": 1,
                "max_unavailable_percent": 0,
                "minimal_action": "REPLACE",
                "most_disruptive_allowed_action": "",
                "replacement_method": "SUBSTITUTE",
                "type": "OPPORTUNISTIC"
              }
            ],
            "version": [
              {
                "instance_template": "https://www.googleapis.com/compute/v1/projects/gcpsubhrajyoti-test-project/global/instanceTemplates/mig-template-group-1",
                "name": "",
                "target_size": []
              }
            ],
            "wait_for_instances": false,
            "wait_for_instances_status": "STABLE",
            "zone": "us-west1-b"
          },
          "sensitive_attributes": [],
          "private": "eyJlMmJmYjczMC1lY2FhLTExZTYtOGY4OC0zNDM2M2JjN2M0YzAiOnsiY3JlYXRlIjo5MDAwMDAwMDAwMDAsImRlbGV0ZSI6OTAwMDAwMDAwMDAwLCJ1cGRhdGUiOjkwMDAwMDAwMDAwMH19",
          "dependencies": [
            "google_compute_health_check.autohealing",
            "google_compute_instance_template.mig-template-1",
            "google_compute_network.vpc-network",
            "google_compute_subnetwork.group1"
          ]
        }
      ]
    },
    {
      "mode": "managed",
      "type": "google_compute_instance_group_manager",
      "name": "mig2",
      "provider": "provider[\"registry.terraform.io/hashicorp/google\"]",
      "instances": [
        {
          "schema_version": 0,
          "attributes": {
            "auto_healing_policies": [
              {
                "health_check": "https://www.googleapis.com/compute/v1/projects/gcpsubhrajyoti-test-project/global/healthChecks/autohealing-health-check",
                "initial_delay_sec": 300
              }
            ],
            "base_instance_name": "mig-group-2",
            "description": "",
            "fingerprint": "doAP7WypfF4=",
            "id": "projects/gcpsubhrajyoti-test-project/zones/us-east1-b/instanceGroupManagers/mig-group-2",
            "instance_group": "https://www.googleapis.com/compute/v1/projects/gcpsubhrajyoti-test-project/zones/us-east1-b/instanceGroups/mig-group-2",
            "name": "mig-group-2",
            "named_port": [
              {
                "name": "custom",
                "port": 8888
              }
            ],
            "operation": null,
            "project": "gcpsubhrajyoti-test-project",
            "self_link": "https://www.googleapis.com/compute/v1/projects/gcpsubhrajyoti-test-project/zones/us-east1-b/instanceGroupManagers/mig-group-2",
            "stateful_disk": [],
            "status": [
              {
                "is_stable": false,
                "stateful": [
                  {
                    "has_stateful_config": false,
                    "per_instance_configs": [
                      {
                        "all_effective": true
                      }
                    ]
                  }
                ],
                "version_target": [
                  {
                    "is_reached": true
                  }
                ]
              }
            ],
            "target_pools": [],
            "target_size": 1,
            "timeouts": null,
            "update_policy": [
              {
                "max_surge_fixed": 1,
                "max_surge_percent": 0,
                "max_unavailable_fixed": 1,
                "max_unavailable_percent": 0,
                "minimal_action": "REPLACE",
                "most_disruptive_allowed_action": "",
                "replacement_method": "SUBSTITUTE",
                "type": "OPPORTUNISTIC"
              }
            ],
            "version": [
              {
                "instance_template": "https://www.googleapis.com/compute/v1/projects/gcpsubhrajyoti-test-project/global/instanceTemplates/mig-template-group-2",
                "name": "",
                "target_size": []
              }
            ],
            "wait_for_instances": false,
            "wait_for_instances_status": "STABLE",
            "zone": "us-east1-b"
          },
          "sensitive_attributes": [],
          "private": "eyJlMmJmYjczMC1lY2FhLTExZTYtOGY4OC0zNDM2M2JjN2M0YzAiOnsiY3JlYXRlIjo5MDAwMDAwMDAwMDAsImRlbGV0ZSI6OTAwMDAwMDAwMDAwLCJ1cGRhdGUiOjkwMDAwMDAwMDAwMH19",
          "dependencies": [
            "google_compute_health_check.autohealing",
            "google_compute_instance_template.mig-template-2",
            "google_compute_network.vpc-network",
            "google_compute_subnetwork.group2"
          ]
        }
      ]
    },
    {
      "mode": "managed",
      "type": "google_compute_instance_template",
      "name": "mig-template-1",
      "provider": "provider[\"registry.terraform.io/hashicorp/google\"]",
      "instances": [
        {
          "schema_version": 1,
          "attributes": {
            "advanced_machine_features": [],
            "can_ip_forward": false,
            "confidential_instance_config": [],
            "description": "This template is used to create the group1 instance template",
            "disk": [
              {
                "auto_delete": true,
                "boot": true,
                "device_name": "persistent-disk-0",
                "disk_encryption_key": [],
                "disk_name": "",
                "disk_size_gb": 0,
                "disk_type": "pd-standard",
                "interface": "SCSI",
                "labels": {},
                "mode": "READ_WRITE",
                "resource_policies": [],
                "source": "",
                "source_image": "projects/debian-cloud/global/images/family/debian-11",
                "type": "PERSISTENT"
              }
            ],
            "guest_accelerator": [],
            "id": "projects/gcpsubhrajyoti-test-project/global/instanceTemplates/mig-template-group-1",
            "instance_description": "",
            "labels": null,
            "machine_type": "e2-medium",
            "metadata": {
              "startup-script": "#!/bin/bash\n\nsudo apt-get update \nsudo apt-get install -y apache2\nsudo service apache2 start"
            },
            "metadata_fingerprint": "9ggPekemsdo=",
            "metadata_startup_script": null,
            "min_cpu_platform": "",
            "name": "mig-template-group-1",
            "name_prefix": null,
            "network_interface": [
              {
                "access_config": [],
                "alias_ip_range": [],
                "ipv6_access_config": [],
                "ipv6_access_type": "",
                "name": "nic0",
                "network": "https://www.googleapis.com/compute/v1/projects/gcpsubhrajyoti-test-project/global/networks/multi-mig-lb-http",
                "network_ip": "",
                "nic_type": "",
                "queue_count": 0,
                "stack_type": "",
                "subnetwork": "https://www.googleapis.com/compute/v1/projects/gcpsubhrajyoti-test-project/regions/us-west1/subnetworks/multi-mig-lb-http-group1",
                "subnetwork_project": "gcpsubhrajyoti-test-project"
              }
            ],
            "project": "gcpsubhrajyoti-test-project",
            "region": "us-west1",
            "reservation_affinity": [],
            "scheduling": [
              {
                "automatic_restart": true,
                "instance_termination_action": "",
                "min_node_cpus": 0,
                "node_affinities": [],
                "on_host_maintenance": "MIGRATE",
                "preemptible": false,
                "provisioning_model": "STANDARD"
              }
            ],
            "self_link": "https://www.googleapis.com/compute/v1/projects/gcpsubhrajyoti-test-project/global/instanceTemplates/mig-template-group-1",
            "service_account": [],
            "shielded_instance_config": [],
            "tags": [
              "allow-health-check"
            ],
            "tags_fingerprint": "",
            "timeouts": null
          },
          "sensitive_attributes": [],
          "private": "eyJlMmJmYjczMC1lY2FhLTExZTYtOGY4OC0zNDM2M2JjN2M0YzAiOnsiY3JlYXRlIjoyNDAwMDAwMDAwMDAsImRlbGV0ZSI6MjQwMDAwMDAwMDAwfSwic2NoZW1hX3ZlcnNpb24iOiIxIn0=",
          "dependencies": [
            "google_compute_network.vpc-network",
            "google_compute_subnetwork.group1"
          ]
        }
      ]
    },
    {
      "mode": "managed",
      "type": "google_compute_instance_template",
      "name": "mig-template-2",
      "provider": "provider[\"registry.terraform.io/hashicorp/google\"]",
      "instances": [
        {
          "schema_version": 1,
          "attributes": {
            "advanced_machine_features": [],
            "can_ip_forward": false,
            "confidential_instance_config": [],
            "description": "This template is used to create the group1 instance template",
            "disk": [
              {
                "auto_delete": true,
                "boot": true,
                "device_name": "persistent-disk-0",
                "disk_encryption_key": [],
                "disk_name": "",
                "disk_size_gb": 0,
                "disk_type": "pd-standard",
                "interface": "SCSI",
                "labels": {},
                "mode": "READ_WRITE",
                "resource_policies": [],
                "source": "",
                "source_image": "projects/debian-cloud/global/images/family/debian-11",
                "type": "PERSISTENT"
              }
            ],
            "guest_accelerator": [],
            "id": "projects/gcpsubhrajyoti-test-project/global/instanceTemplates/mig-template-group-2",
            "instance_description": "",
            "labels": null,
            "machine_type": "e2-medium",
            "metadata": {
              "startup-script": "#!/bin/bash\n\nsudo apt-get update \nsudo apt-get install -y apache2\nsudo service apache2 start"
            },
            "metadata_fingerprint": "9ggPekemsdo=",
            "metadata_startup_script": null,
            "min_cpu_platform": "",
            "name": "mig-template-group-2",
            "name_prefix": null,
            "network_interface": [
              {
                "access_config": [],
                "alias_ip_range": [],
                "ipv6_access_config": [],
                "ipv6_access_type": "",
                "name": "nic0",
                "network": "https://www.googleapis.com/compute/v1/projects/gcpsubhrajyoti-test-project/global/networks/multi-mig-lb-http",
                "network_ip": "",
                "nic_type": "",
                "queue_count": 0,
                "stack_type": "",
                "subnetwork": "https://www.googleapis.com/compute/v1/projects/gcpsubhrajyoti-test-project/regions/us-east1/subnetworks/multi-mig-lb-http-group2",
                "subnetwork_project": "gcpsubhrajyoti-test-project"
              }
            ],
            "project": "gcpsubhrajyoti-test-project",
            "region": "us-east1",
            "reservation_affinity": [],
            "scheduling": [
              {
                "automatic_restart": true,
                "instance_termination_action": "",
                "min_node_cpus": 0,
                "node_affinities": [],
                "on_host_maintenance": "MIGRATE",
                "preemptible": false,
                "provisioning_model": "STANDARD"
              }
            ],
            "self_link": "https://www.googleapis.com/compute/v1/projects/gcpsubhrajyoti-test-project/global/instanceTemplates/mig-template-group-2",
            "service_account": [],
            "shielded_instance_config": [],
            "tags": [
              "allow-health-check"
            ],
            "tags_fingerprint": "",
            "timeouts": null
          },
          "sensitive_attributes": [],
          "private": "eyJlMmJmYjczMC1lY2FhLTExZTYtOGY4OC0zNDM2M2JjN2M0YzAiOnsiY3JlYXRlIjoyNDAwMDAwMDAwMDAsImRlbGV0ZSI6MjQwMDAwMDAwMDAwfSwic2NoZW1hX3ZlcnNpb24iOiIxIn0=",
          "dependencies": [
            "google_compute_network.vpc-network",
            "google_compute_subnetwork.group2"
          ]
        }
      ]
    },
    {
      "mode": "managed",
      "type": "google_compute_network",
      "name": "vpc-network",
      "provider": "provider[\"registry.terraform.io/hashicorp/google\"]",
      "instances": [
        {
          "schema_version": 0,
          "attributes": {
            "auto_create_subnetworks": false,
            "delete_default_routes_on_create": false,
            "description": "",
            "enable_ula_internal_ipv6": false,
            "gateway_ipv4": "",
            "id": "projects/gcpsubhrajyoti-test-project/global/networks/multi-mig-lb-http",
            "internal_ipv6_range": "",
            "mtu": 0,
            "name": "multi-mig-lb-http",
            "project": "gcpsubhrajyoti-test-project",
            "routing_mode": "REGIONAL",
            "self_link": "https://www.googleapis.com/compute/v1/projects/gcpsubhrajyoti-test-project/global/networks/multi-mig-lb-http",
            "timeouts": null
          },
          "sensitive_attributes": [],
          "private": "eyJlMmJmYjczMC1lY2FhLTExZTYtOGY4OC0zNDM2M2JjN2M0YzAiOnsiY3JlYXRlIjoxMjAwMDAwMDAwMDAwLCJkZWxldGUiOjEyMDAwMDAwMDAwMDAsInVwZGF0ZSI6MTIwMDAwMDAwMDAwMH19"
        }
      ]
    },
    {
      "mode": "managed",
      "type": "google_compute_router",
      "name": "group1",
      "provider": "provider[\"registry.terraform.io/hashicorp/google\"]",
      "instances": [
        {
          "schema_version": 0,
          "attributes": {
            "bgp": [],
            "creation_timestamp": "2022-11-17T01:32:08.198-08:00",
            "description": "",
            "encrypted_interconnect_router": false,
            "id": "projects/gcpsubhrajyoti-test-project/regions/us-west1/routers/multi-mig-lb-http-gw-group1",
            "name": "multi-mig-lb-http-gw-group1",
            "network": "https://www.googleapis.com/compute/v1/projects/gcpsubhrajyoti-test-project/global/networks/multi-mig-lb-http",
            "project": "gcpsubhrajyoti-test-project",
            "region": "us-west1",
            "self_link": "https://www.googleapis.com/compute/v1/projects/gcpsubhrajyoti-test-project/regions/us-west1/routers/multi-mig-lb-http-gw-group1",
            "timeouts": null
          },
          "sensitive_attributes": [],
          "private": "eyJlMmJmYjczMC1lY2FhLTExZTYtOGY4OC0zNDM2M2JjN2M0YzAiOnsiY3JlYXRlIjoxMjAwMDAwMDAwMDAwLCJkZWxldGUiOjEyMDAwMDAwMDAwMDAsInVwZGF0ZSI6MTIwMDAwMDAwMDAwMH19",
          "dependencies": [
            "google_compute_network.vpc-network"
          ]
        }
      ]
    },
    {
      "mode": "managed",
      "type": "google_compute_router",
      "name": "group2",
      "provider": "provider[\"registry.terraform.io/hashicorp/google\"]",
      "instances": [
        {
          "schema_version": 0,
          "attributes": {
            "bgp": [],
            "creation_timestamp": "2022-11-17T01:32:08.417-08:00",
            "description": "",
            "encrypted_interconnect_router": false,
            "id": "projects/gcpsubhrajyoti-test-project/regions/us-east1/routers/multi-mig-lb-http-gw-group2",
            "name": "multi-mig-lb-http-gw-group2",
            "network": "https://www.googleapis.com/compute/v1/projects/gcpsubhrajyoti-test-project/global/networks/multi-mig-lb-http",
            "project": "gcpsubhrajyoti-test-project",
            "region": "us-east1",
            "self_link": "https://www.googleapis.com/compute/v1/projects/gcpsubhrajyoti-test-project/regions/us-east1/routers/multi-mig-lb-http-gw-group2",
            "timeouts": null
          },
          "sensitive_attributes": [],
          "private": "eyJlMmJmYjczMC1lY2FhLTExZTYtOGY4OC0zNDM2M2JjN2M0YzAiOnsiY3JlYXRlIjoxMjAwMDAwMDAwMDAwLCJkZWxldGUiOjEyMDAwMDAwMDAwMDAsInVwZGF0ZSI6MTIwMDAwMDAwMDAwMH19",
          "dependencies": [
            "google_compute_network.vpc-network"
          ]
        }
      ]
    },
    {
      "mode": "managed",
      "type": "google_compute_router_nat",
      "name": "cloud-nat-1",
      "provider": "provider[\"registry.terraform.io/hashicorp/google\"]",
      "instances": [
        {
          "schema_version": 0,
          "attributes": {
            "drain_nat_ips": [],
            "enable_dynamic_port_allocation": false,
            "enable_endpoint_independent_mapping": true,
            "icmp_idle_timeout_sec": 30,
            "id": "gcpsubhrajyoti-test-project/us-west1/multi-mig-lb-http-gw-group1/multi-mig-lb-http-cloud-nat-group1",
            "log_config": [
              {
                "enable": true,
                "filter": "ERRORS_ONLY"
              }
            ],
            "max_ports_per_vm": 0,
            "min_ports_per_vm": 0,
            "name": "multi-mig-lb-http-cloud-nat-group1",
            "nat_ip_allocate_option": "AUTO_ONLY",
            "nat_ips": [],
            "project": "gcpsubhrajyoti-test-project",
            "region": "us-west1",
            "router": "multi-mig-lb-http-gw-group1",
            "rules": [],
            "source_subnetwork_ip_ranges_to_nat": "ALL_SUBNETWORKS_ALL_IP_RANGES",
            "subnetwork": [],
            "tcp_established_idle_timeout_sec": 1200,
            "tcp_transitory_idle_timeout_sec": 30,
            "timeouts": null,
            "udp_idle_timeout_sec": 30
          },
          "sensitive_attributes": [],
          "private": "eyJlMmJmYjczMC1lY2FhLTExZTYtOGY4OC0zNDM2M2JjN2M0YzAiOnsiY3JlYXRlIjoxMjAwMDAwMDAwMDAwLCJkZWxldGUiOjEyMDAwMDAwMDAwMDAsInVwZGF0ZSI6MTIwMDAwMDAwMDAwMH19",
          "dependencies": [
            "google_compute_network.vpc-network",
            "google_compute_router.group1"
          ]
        }
      ]
    },
    {
      "mode": "managed",
      "type": "google_compute_router_nat",
      "name": "cloud-nat-2",
      "provider": "provider[\"registry.terraform.io/hashicorp/google\"]",
      "instances": [
        {
          "schema_version": 0,
          "attributes": {
            "drain_nat_ips": [],
            "enable_dynamic_port_allocation": false,
            "enable_endpoint_independent_mapping": true,
            "icmp_idle_timeout_sec": 30,
            "id": "gcpsubhrajyoti-test-project/us-east1/multi-mig-lb-http-gw-group2/multi-mig-lb-http-cloud-nat-group2",
            "log_config": [
              {
                "enable": true,
                "filter": "ERRORS_ONLY"
              }
            ],
            "max_ports_per_vm": 0,
            "min_ports_per_vm": 0,
            "name": "multi-mig-lb-http-cloud-nat-group2",
            "nat_ip_allocate_option": "AUTO_ONLY",
            "nat_ips": [],
            "project": "gcpsubhrajyoti-test-project",
            "region": "us-east1",
            "router": "multi-mig-lb-http-gw-group2",
            "rules": [],
            "source_subnetwork_ip_ranges_to_nat": "ALL_SUBNETWORKS_ALL_IP_RANGES",
            "subnetwork": [],
            "tcp_established_idle_timeout_sec": 1200,
            "tcp_transitory_idle_timeout_sec": 30,
            "timeouts": null,
            "udp_idle_timeout_sec": 30
          },
          "sensitive_attributes": [],
          "private": "eyJlMmJmYjczMC1lY2FhLTExZTYtOGY4OC0zNDM2M2JjN2M0YzAiOnsiY3JlYXRlIjoxMjAwMDAwMDAwMDAwLCJkZWxldGUiOjEyMDAwMDAwMDAwMDAsInVwZGF0ZSI6MTIwMDAwMDAwMDAwMH19",
          "dependencies": [
            "google_compute_network.vpc-network",
            "google_compute_router.group2"
          ]
        }
      ]
    },
    {
      "mode": "managed",
      "type": "google_compute_subnetwork",
      "name": "group1",
      "provider": "provider[\"registry.terraform.io/hashicorp/google\"]",
      "instances": [
        {
          "schema_version": 0,
          "attributes": {
            "creation_timestamp": "2022-11-17T01:32:08.814-08:00",
            "description": "",
            "external_ipv6_prefix": "",
            "fingerprint": null,
            "gateway_address": "10.126.0.1",
            "id": "projects/gcpsubhrajyoti-test-project/regions/us-west1/subnetworks/multi-mig-lb-http-group1",
            "ip_cidr_range": "10.126.0.0/20",
            "ipv6_access_type": "",
            "ipv6_cidr_range": "",
            "log_config": [],
            "name": "multi-mig-lb-http-group1",
            "network": "https://www.googleapis.com/compute/v1/projects/gcpsubhrajyoti-test-project/global/networks/multi-mig-lb-http",
            "private_ip_google_access": true,
            "private_ipv6_google_access": "DISABLE_GOOGLE_ACCESS",
            "project": "gcpsubhrajyoti-test-project",
            "purpose": "PRIVATE",
            "region": "us-west1",
            "role": "",
            "secondary_ip_range": [],
            "self_link": "https://www.googleapis.com/compute/v1/projects/gcpsubhrajyoti-test-project/regions/us-west1/subnetworks/multi-mig-lb-http-group1",
            "stack_type": "IPV4_ONLY",
            "timeouts": null
          },
          "sensitive_attributes": [],
          "private": "eyJlMmJmYjczMC1lY2FhLTExZTYtOGY4OC0zNDM2M2JjN2M0YzAiOnsiY3JlYXRlIjoxMjAwMDAwMDAwMDAwLCJkZWxldGUiOjEyMDAwMDAwMDAwMDAsInVwZGF0ZSI6MTIwMDAwMDAwMDAwMH19",
          "dependencies": [
            "google_compute_network.vpc-network"
          ]
        }
      ]
    },
    {
      "mode": "managed",
      "type": "google_compute_subnetwork",
      "name": "group2",
      "provider": "provider[\"registry.terraform.io/hashicorp/google\"]",
      "instances": [
        {
          "schema_version": 0,
          "attributes": {
            "creation_timestamp": "2022-11-17T01:32:08.516-08:00",
            "description": "",
            "external_ipv6_prefix": "",
            "fingerprint": null,
            "gateway_address": "10.127.0.1",
            "id": "projects/gcpsubhrajyoti-test-project/regions/us-east1/subnetworks/multi-mig-lb-http-group2",
            "ip_cidr_range": "10.127.0.0/20",
            "ipv6_access_type": "",
            "ipv6_cidr_range": "",
            "log_config": [],
            "name": "multi-mig-lb-http-group2",
            "network": "https://www.googleapis.com/compute/v1/projects/gcpsubhrajyoti-test-project/global/networks/multi-mig-lb-http",
            "private_ip_google_access": true,
            "private_ipv6_google_access": "DISABLE_GOOGLE_ACCESS",
            "project": "gcpsubhrajyoti-test-project",
            "purpose": "PRIVATE",
            "region": "us-east1",
            "role": "",
            "secondary_ip_range": [],
            "self_link": "https://www.googleapis.com/compute/v1/projects/gcpsubhrajyoti-test-project/regions/us-east1/subnetworks/multi-mig-lb-http-group2",
            "stack_type": "IPV4_ONLY",
            "timeouts": null
          },
          "sensitive_attributes": [],
          "private": "eyJlMmJmYjczMC1lY2FhLTExZTYtOGY4OC0zNDM2M2JjN2M0YzAiOnsiY3JlYXRlIjoxMjAwMDAwMDAwMDAwLCJkZWxldGUiOjEyMDAwMDAwMDAwMDAsInVwZGF0ZSI6MTIwMDAwMDAwMDAwMH19",
          "dependencies": [
            "google_compute_network.vpc-network"
          ]
        }
      ]
    },
    {
      "mode": "managed",
      "type": "google_compute_target_http_proxy",
      "name": "default",
      "provider": "provider[\"registry.terraform.io/hashicorp/google\"]",
      "instances": [
        {
          "schema_version": 0,
          "attributes": {
            "creation_timestamp": "2022-11-17T01:33:49.429-08:00",
            "description": "",
            "id": "projects/gcpsubhrajyoti-test-project/global/targetHttpProxies/multi-mig-lb-http-target-http-proxy",
            "name": "multi-mig-lb-http-target-http-proxy",
            "project": "gcpsubhrajyoti-test-project",
            "proxy_bind": false,
            "proxy_id": 3724620827964490002,
            "self_link": "https://www.googleapis.com/compute/v1/projects/gcpsubhrajyoti-test-project/global/targetHttpProxies/multi-mig-lb-http-target-http-proxy",
            "timeouts": null,
            "url_map": "https://www.googleapis.com/compute/v1/projects/gcpsubhrajyoti-test-project/global/urlMaps/multi-mig-lb-http-url-map"
          },
          "sensitive_attributes": [],
          "private": "eyJlMmJmYjczMC1lY2FhLTExZTYtOGY4OC0zNDM2M2JjN2M0YzAiOnsiY3JlYXRlIjoxMjAwMDAwMDAwMDAwLCJkZWxldGUiOjEyMDAwMDAwMDAwMDAsInVwZGF0ZSI6MTIwMDAwMDAwMDAwMH19",
          "dependencies": [
            "google_compute_backend_service.default",
            "google_compute_health_check.autohealing",
            "google_compute_instance_group_manager.mig1",
            "google_compute_instance_group_manager.mig2",
            "google_compute_instance_template.mig-template-1",
            "google_compute_instance_template.mig-template-2",
            "google_compute_network.vpc-network",
            "google_compute_subnetwork.group1",
            "google_compute_subnetwork.group2",
            "google_compute_url_map.default"
          ]
        }
      ]
    },
    {
      "mode": "managed",
      "type": "google_compute_url_map",
      "name": "default",
      "provider": "provider[\"registry.terraform.io/hashicorp/google\"]",
      "instances": [
        {
          "schema_version": 0,
          "attributes": {
            "creation_timestamp": "2022-11-17T01:33:36.962-08:00",
            "default_route_action": [],
            "default_service": "https://www.googleapis.com/compute/v1/projects/gcpsubhrajyoti-test-project/global/backendServices/multi-mig-lb-http-backend-service",
            "default_url_redirect": [],
            "description": "",
            "fingerprint": "WMdL27nn4SY=",
            "header_action": [],
            "host_rule": [],
            "id": "projects/gcpsubhrajyoti-test-project/global/urlMaps/multi-mig-lb-http-url-map",
            "map_id": 5905634963521814815,
            "name": "multi-mig-lb-http-url-map",
            "path_matcher": [],
            "project": "gcpsubhrajyoti-test-project",
            "self_link": "https://www.googleapis.com/compute/v1/projects/gcpsubhrajyoti-test-project/global/urlMaps/multi-mig-lb-http-url-map",
            "test": [],
            "timeouts": null
          },
          "sensitive_attributes": [],
          "private": "eyJlMmJmYjczMC1lY2FhLTExZTYtOGY4OC0zNDM2M2JjN2M0YzAiOnsiY3JlYXRlIjoxMjAwMDAwMDAwMDAwLCJkZWxldGUiOjEyMDAwMDAwMDAwMDAsInVwZGF0ZSI6MTIwMDAwMDAwMDAwMH19",
          "dependencies": [
            "google_compute_backend_service.default",
            "google_compute_health_check.autohealing",
            "google_compute_instance_group_manager.mig1",
            "google_compute_instance_group_manager.mig2",
            "google_compute_instance_template.mig-template-1",
            "google_compute_instance_template.mig-template-2",
            "google_compute_network.vpc-network",
            "google_compute_subnetwork.group1",
            "google_compute_subnetwork.group2"
          ]
        }
      ]
    }
  ],
  "check_results": null
}
